
Microsoft Visual Studio Solution File, Format Version 12.00
# Visual Studio Version 17
VisualStudioVersion = 17.10.35027.167
MinimumVisualStudioVersion = 10.0.40219.1
Project("{8BC9CEB8-8B4A-11D0-8D11-00A0C91BC942}") = "memory_leak_exercises", "memory_leak_exercises\memory_leak_exercises.vcxproj", "{7C73812B-0742-473F-A7D6-DC71F84FD174}"
EndProject
Global
	GlobalSection(SolutionConfigurationPlatforms) = preSolution
		Debug|x64 = Debug|x64
		Debug|x86 = Debug|x86
		Release|x64 = Release|x64
		Release|x86 = Release|x86
	EndGlobalSection
	GlobalSection(ProjectConfigurationPlatforms) = postSolution
		{7C73812B-0742-473F-A7D6-DC71F84FD174}.Debug|x64.ActiveCfg = Debug|x64
		{7C73812B-0742-473F-A7D6-DC71F84FD174}.Debug|x64.Build.0 = Debug|x64
		{7C73812B-0742-473F-A7D6-DC71F84FD174}.Debug|x86.ActiveCfg = Debug|Win32
		{7C73812B-0742-473F-A7D6-DC71F84FD174}.Debug|x86.Build.0 = Debug|Win32
		{7C73812B-0742-473F-A7D6-DC71F84FD174}.Release|x64.ActiveCfg = Release|x64
		{7C73812B-0742-473F-A7D6-DC71F84FD174}.Release|x64.Build.0 = Release|x64
		{7C73812B-0742-473F-A7D6-DC71F84FD174}.Release|x86.ActiveCfg = Release|Win32
		{7C73812B-0742-473F-A7D6-DC71F84FD174}.Release|x86.Build.0 = Release|Win32
	EndGlobalSection
	GlobalSection(SolutionProperties) = preSolution
		HideSolutionNode = FALSE
	EndGlobalSection
	GlobalSection(ExtensibilityGlobals) = postSolution
		SolutionGuid = {21D25C6A-3ECE-4191-B62B-D9C8547A24F0}
	EndGlobalSection
EndGlobal
